
Microsoft Visual Studio Solution File, Format Version 12.00
# Visual Studio Version 17
VisualStudioVersion = 17.2.32616.157
MinimumVisualStudioVersion = 10.0.40219.1
Project("{FAE04EC0-301F-11D3-BF4B-00C04F79EFBC}") = "LibraryForGeometryTests", "LibraryForGeometryTests\LibraryForGeometryTests.csproj", "{EC9A2292-1CF8-4DEB-B03E-4E2C25660802}"
EndProject
Global
	GlobalSection(SolutionConfigurationPlatforms) = preSolution
		Debug|Any CPU = Debug|Any CPU
		Release|Any CPU = Release|Any CPU
	EndGlobalSection
	GlobalSection(ProjectConfigurationPlatforms) = postSolution
		{EC9A2292-1CF8-4DEB-B03E-4E2C25660802}.Debug|Any CPU.ActiveCfg = Debug|Any CPU
		{EC9A2292-1CF8-4DEB-B03E-4E2C25660802}.Debug|Any CPU.Build.0 = Debug|Any CPU
		{EC9A2292-1CF8-4DEB-B03E-4E2C25660802}.Release|Any CPU.ActiveCfg = Release|Any CPU
		{EC9A2292-1CF8-4DEB-B03E-4E2C25660802}.Release|Any CPU.Build.0 = Release|Any CPU
	EndGlobalSection
	GlobalSection(SolutionProperties) = preSolution
		HideSolutionNode = FALSE
	EndGlobalSection
	GlobalSection(ExtensibilityGlobals) = postSolution
		SolutionGuid = {04C85E04-442C-4698-87DD-033225B134C7}
	EndGlobalSection
EndGlobal
